<?xml version="1.0" encoding="utf-8"?>
<Project ToolsVersion="15.0" xmlns="http://schemas.microsoft.com/developer/msbuild/2003">
  <ItemGroup>
    <ClCompile Include="E:\svn\PowerResearch\dynamorio-master-x86\core\arch\opnd_shared.c">
      <Filter>Source Files</Filter>
    </ClCompile>
    <ClCompile Include="E:\svn\PowerResearch\dynamorio-master-x86\core\arch\x86\opnd.c">
      <Filter>Source Files</Filter>
    </ClCompile>
    <ClCompile Include="E:\svn\PowerResearch\dynamorio-master-x86\core\arch\instr_shared.c">
      <Filter>Source Files</Filter>
    </ClCompile>
    <ClCompile Include="E:\svn\PowerResearch\dynamorio-master-x86\core\arch\x86\instr.c">
      <Filter>Source Files</Filter>
    </ClCompile>
    <ClCompile Include="E:\svn\PowerResearch\dynamorio-master-x86\core\arch\instrlist.c">
      <Filter>Source Files</Filter>
    </ClCompile>
    <ClCompile Include="E:\svn\PowerResearch\dynamorio-master-x86\core\arch\decode_shared.c">
      <Filter>Source Files</Filter>
    </ClCompile>
    <ClCompile Include="E:\svn\PowerResearch\dynamorio-master-x86\core\arch\x86\decode.c">
      <Filter>Source Files</Filter>
    </ClCompile>
    <ClCompile Include="E:\svn\PowerResearch\dynamorio-master-x86\core\arch\encode_shared.c">
      <Filter>Source Files</Filter>
    </ClCompile>
    <ClCompile Include="E:\svn\PowerResearch\dynamorio-master-x86\core\arch\x86\encode.c">
      <Filter>Source Files</Filter>
    </ClCompile>
    <ClCompile Include="E:\svn\PowerResearch\dynamorio-master-x86\core\arch\disassemble_shared.c">
      <Filter>Source Files</Filter>
    </ClCompile>
    <ClCompile Include="E:\svn\PowerResearch\dynamorio-master-x86\core\arch\x86\disassemble.c">
      <Filter>Source Files</Filter>
    </ClCompile>
    <ClCompile Include="E:\svn\PowerResearch\dynamorio-master-x86\core\arch\x86\decode_table.c">
      <Filter>Source Files</Filter>
    </ClCompile>
    <ClCompile Include="E:\svn\PowerResearch\dynamorio-master-x86\core\arch\x86\decode_fast.c">
      <Filter>Source Files</Filter>
    </ClCompile>
    <ClCompile Include="E:\svn\PowerResearch\dynamorio-master-x86\core\arch\x86\mangle.c">
      <Filter>Source Files</Filter>
    </ClCompile>
    <ClCompile Include="E:\svn\PowerResearch\dynamorio-master-x86\core\arch\mangle_utils.c">
      <Filter>Source Files</Filter>
    </ClCompile>
    <ClCompile Include="E:\svn\PowerResearch\dynamorio-master-x86\core\arch\decodelib.c">
      <Filter>Source Files</Filter>
    </ClCompile>
    <ClCompile Include="E:\svn\PowerResearch\dynamorio-master-x86\core\string.c">
      <Filter>Source Files</Filter>
    </ClCompile>
    <ClCompile Include="E:\svn\PowerResearch\dynamorio-master-x86\core\io.c">
      <Filter>Source Files</Filter>
    </ClCompile>
  </ItemGroup>
  <ItemGroup>
    <CustomBuild Include="E:\svn\PowerResearch\dynamorio-master-x86\core\CMakeLists.txt" />
  </ItemGroup>
  <ItemGroup>
    <Filter Include="Source Files">
      <UniqueIdentifier>{FD7DB4E2-83BA-30CB-8005-C4CB2E632724}</UniqueIdentifier>
    </Filter>
  </ItemGroup>
</Project>
