<?xml version="1.0" encoding="utf-8"?>
<Project ToolsVersion="15.0" xmlns="http://schemas.microsoft.com/developer/msbuild/2003">
  <ItemGroup>
    <ClCompile Include="E:\svn\PowerResearch\dynamorio-master-x86\ext\drgui\drgui_options_window.cpp">
      <Filter>Source Files</Filter>
    </ClCompile>
    <ClCompile Include="E:\svn\PowerResearch\dynamorio-master-x86\ext\drgui\drgui_main_window.cpp">
      <Filter>Source Files</Filter>
    </ClCompile>
    <ClCompile Include="E:\svn\PowerResearch\dynamorio-master-x86\ext\drgui\main.cpp">
      <Filter>Source Files</Filter>
    </ClCompile>
    <ClCompile Include="E:\svn\PowerResearch\dynamorio-master-x86\ext\drgui\moc_drgui_tool_interface.cpp">
      <Filter>Source Files</Filter>
    </ClCompile>
    <ClCompile Include="E:\svn\PowerResearch\dynamorio-master-x86\ext\drgui\moc_drgui_options_interface.cpp">
      <Filter>Source Files</Filter>
    </ClCompile>
    <ClCompile Include="E:\svn\PowerResearch\dynamorio-master-x86\ext\drgui\moc_drgui_options_window.cpp">
      <Filter>Source Files</Filter>
    </ClCompile>
    <ClCompile Include="E:\svn\PowerResearch\dynamorio-master-x86\ext\drgui\moc_drgui_main_window.cpp">
      <Filter>Source Files</Filter>
    </ClCompile>
  </ItemGroup>
  <ItemGroup>
    <CustomBuild Include="E:\svn\PowerResearch\dynamorio-master-x86\CMakeFiles\1cbb2bac37b02b95601872be277a70e9\moc_drgui_tool_interface.cpp.rule">
      <Filter>CMake Rules</Filter>
    </CustomBuild>
    <CustomBuild Include="E:\svn\PowerResearch\dynamorio-master-x86\CMakeFiles\1cbb2bac37b02b95601872be277a70e9\moc_drgui_options_interface.cpp.rule">
      <Filter>CMake Rules</Filter>
    </CustomBuild>
    <CustomBuild Include="E:\svn\PowerResearch\dynamorio-master-x86\CMakeFiles\1cbb2bac37b02b95601872be277a70e9\moc_drgui_options_window.cpp.rule">
      <Filter>CMake Rules</Filter>
    </CustomBuild>
    <CustomBuild Include="E:\svn\PowerResearch\dynamorio-master-x86\CMakeFiles\1cbb2bac37b02b95601872be277a70e9\moc_drgui_main_window.cpp.rule">
      <Filter>CMake Rules</Filter>
    </CustomBuild>
    <CustomBuild Include="E:\svn\PowerResearch\dynamorio-master-x86\ext\drgui\CMakeLists.txt" />
  </ItemGroup>
  <ItemGroup>
    <ResourceCompile Include="E:\svn\PowerResearch\dynamorio-master-x86\core\win32\resources.rc">
      <Filter>Source Files</Filter>
    </ResourceCompile>
  </ItemGroup>
  <ItemGroup>
    <Filter Include="CMake Rules">
      <UniqueIdentifier>{88FD253A-FE05-32B0-8BB0-8DB94163DF00}</UniqueIdentifier>
    </Filter>
    <Filter Include="Source Files">
      <UniqueIdentifier>{FD7DB4E2-83BA-30CB-8005-C4CB2E632724}</UniqueIdentifier>
    </Filter>
  </ItemGroup>
</Project>
