<?xml version="1.0" encoding="utf-8"?>
<Project ToolsVersion="15.0" xmlns="http://schemas.microsoft.com/developer/msbuild/2003">
  <ItemGroup>
    <CustomBuild Include="E:\svn\PowerResearch\dynamorio-master-x86\CMakeFiles\36669fe02fcf3e3f2184fd45448389d1\RUN_TESTS_force.rule">
      <Filter>CMake Rules</Filter>
    </CustomBuild>
  </ItemGroup>
  <ItemGroup>
    <Filter Include="CMake Rules">
      <UniqueIdentifier>{88FD253A-FE05-32B0-8BB0-8DB94163DF00}</UniqueIdentifier>
    </Filter>
  </ItemGroup>
</Project>
