Microsoft Visual Studio Solution File, Format Version 12.00
# Visual Studio 15
Project("{8BC9CEB8-8B4A-11D0-8D11-00A0C91BC942}") = "ALL_BUILD", "ALL_BUILD.vcxproj", "{F875C68C-93F5-37AB-9A2F-65B47FA77CF7}"
	ProjectSection(ProjectDependencies) = postProject
		{1F2F5D60-F5EC-347F-90EA-F473E13FBBFF} = {1F2F5D60-F5EC-347F-90EA-F473E13FBBFF}
		{C1D9833A-65CA-31D2-B9F0-8D564276BE59} = {C1D9833A-65CA-31D2-B9F0-8D564276BE59}
	EndProjectSection
EndProject
Project("{8BC9CEB8-8B4A-11D0-8D11-00A0C91BC942}") = "INSTALL", "INSTALL.vcxproj", "{9956DD7D-5082-3F69-A795-C82E46DEE1DD}"
	ProjectSection(ProjectDependencies) = postProject
		{F875C68C-93F5-37AB-9A2F-65B47FA77CF7} = {F875C68C-93F5-37AB-9A2F-65B47FA77CF7}
		{1F2F5D60-F5EC-347F-90EA-F473E13FBBFF} = {1F2F5D60-F5EC-347F-90EA-F473E13FBBFF}
	EndProjectSection
EndProject
Project("{8BC9CEB8-8B4A-11D0-8D11-00A0C91BC942}") = "PACKAGE", "PACKAGE.vcxproj", "{D1AE1B5A-59B5-3DED-A602-9D346079C797}"
	ProjectSection(ProjectDependencies) = postProject
		{F875C68C-93F5-37AB-9A2F-65B47FA77CF7} = {F875C68C-93F5-37AB-9A2F-65B47FA77CF7}
		{1F2F5D60-F5EC-347F-90EA-F473E13FBBFF} = {1F2F5D60-F5EC-347F-90EA-F473E13FBBFF}
	EndProjectSection
EndProject
Project("{8BC9CEB8-8B4A-11D0-8D11-00A0C91BC942}") = "RUN_TESTS", "RUN_TESTS.vcxproj", "{97D56790-ACCF-3A3A-B404-8873E927CB71}"
	ProjectSection(ProjectDependencies) = postProject
		{1F2F5D60-F5EC-347F-90EA-F473E13FBBFF} = {1F2F5D60-F5EC-347F-90EA-F473E13FBBFF}
	EndProjectSection
EndProject
Project("{8BC9CEB8-8B4A-11D0-8D11-00A0C91BC942}") = "ZERO_CHECK", "..\..\\ZERO_CHECK.vcxproj", "{1F2F5D60-F5EC-347F-90EA-F473E13FBBFF}"
	ProjectSection(ProjectDependencies) = postProject
	EndProjectSection
EndProject
Project("{8BC9CEB8-8B4A-11D0-8D11-00A0C91BC942}") = "api_headers", "..\..\\api_headers.vcxproj", "{1EDA5F8B-B583-3C6B-B062-392F53E09632}"
	ProjectSection(ProjectDependencies) = postProject
		{1F2F5D60-F5EC-347F-90EA-F473E13FBBFF} = {1F2F5D60-F5EC-347F-90EA-F473E13FBBFF}
	EndProjectSection
EndProject
Project("{8BC9CEB8-8B4A-11D0-8D11-00A0C91BC942}") = "dbghelp_tgt", "..\..\ext\drsyms\dbghelp_tgt.vcxproj", "{E9E8D4CC-1E71-3DA8-81BF-012BE4968E2F}"
	ProjectSection(ProjectDependencies) = postProject
		{1F2F5D60-F5EC-347F-90EA-F473E13FBBFF} = {1F2F5D60-F5EC-347F-90EA-F473E13FBBFF}
	EndProjectSection
EndProject
Project("{8BC9CEB8-8B4A-11D0-8D11-00A0C91BC942}") = "drcontainers", "..\..\ext\drcontainers\drcontainers.vcxproj", "{201CABA4-9333-31ED-9D47-A960783A2B95}"
	ProjectSection(ProjectDependencies) = postProject
		{1F2F5D60-F5EC-347F-90EA-F473E13FBBFF} = {1F2F5D60-F5EC-347F-90EA-F473E13FBBFF}
		{1EDA5F8B-B583-3C6B-B062-392F53E09632} = {1EDA5F8B-B583-3C6B-B062-392F53E09632}
		{51BEB376-6C9A-34C4-9841-C9ED4126E15D} = {51BEB376-6C9A-34C4-9841-C9ED4126E15D}
	EndProjectSection
EndProject
Project("{8BC9CEB8-8B4A-11D0-8D11-00A0C91BC942}") = "drlibc", "..\..\core\drlibc.vcxproj", "{D7326D7B-5157-385A-8AC5-00F240091C48}"
	ProjectSection(ProjectDependencies) = postProject
		{1F2F5D60-F5EC-347F-90EA-F473E13FBBFF} = {1F2F5D60-F5EC-347F-90EA-F473E13FBBFF}
		{ED3605F3-B26F-32D5-88B6-3A8D8B12060E} = {ED3605F3-B26F-32D5-88B6-3A8D8B12060E}
		{F9DF856E-1963-3926-81ED-D732F055C120} = {F9DF856E-1963-3926-81ED-D732F055C120}
		{EC2CB43F-6B31-3787-A357-E34944C5688F} = {EC2CB43F-6B31-3787-A357-E34944C5688F}
		{F2CFCA13-C575-3E03-A5EE-2FBD5516D12A} = {F2CFCA13-C575-3E03-A5EE-2FBD5516D12A}
	EndProjectSection
EndProject
Project("{8BC9CEB8-8B4A-11D0-8D11-00A0C91BC942}") = "drsyms", "..\..\ext\drsyms\drsyms.vcxproj", "{89AD8787-E120-3954-8292-FE02066AAE41}"
	ProjectSection(ProjectDependencies) = postProject
		{1F2F5D60-F5EC-347F-90EA-F473E13FBBFF} = {1F2F5D60-F5EC-347F-90EA-F473E13FBBFF}
		{1EDA5F8B-B583-3C6B-B062-392F53E09632} = {1EDA5F8B-B583-3C6B-B062-392F53E09632}
		{E9E8D4CC-1E71-3DA8-81BF-012BE4968E2F} = {E9E8D4CC-1E71-3DA8-81BF-012BE4968E2F}
		{201CABA4-9333-31ED-9D47-A960783A2B95} = {201CABA4-9333-31ED-9D47-A960783A2B95}
		{51BEB376-6C9A-34C4-9841-C9ED4126E15D} = {51BEB376-6C9A-34C4-9841-C9ED4126E15D}
	EndProjectSection
EndProject
Project("{8BC9CEB8-8B4A-11D0-8D11-00A0C91BC942}") = "dynamorio", "..\..\core\dynamorio.vcxproj", "{51BEB376-6C9A-34C4-9841-C9ED4126E15D}"
	ProjectSection(ProjectDependencies) = postProject
		{1F2F5D60-F5EC-347F-90EA-F473E13FBBFF} = {1F2F5D60-F5EC-347F-90EA-F473E13FBBFF}
		{1EDA5F8B-B583-3C6B-B062-392F53E09632} = {1EDA5F8B-B583-3C6B-B062-392F53E09632}
		{D7326D7B-5157-385A-8AC5-00F240091C48} = {D7326D7B-5157-385A-8AC5-00F240091C48}
		{EC2CB43F-6B31-3787-A357-E34944C5688F} = {EC2CB43F-6B31-3787-A357-E34944C5688F}
		{F2CFCA13-C575-3E03-A5EE-2FBD5516D12A} = {F2CFCA13-C575-3E03-A5EE-2FBD5516D12A}
		{1DB3B753-6D1E-3858-9C43-2F0BC6655A98} = {1DB3B753-6D1E-3858-9C43-2F0BC6655A98}
		{56C3103F-5067-3CB2-A2A8-781C66282FFD} = {56C3103F-5067-3CB2-A2A8-781C66282FFD}
	EndProjectSection
EndProject
Project("{8BC9CEB8-8B4A-11D0-8D11-00A0C91BC942}") = "generate_drlibc_x86.asm", "..\..\core\generate_drlibc_x86.asm.vcxproj", "{ED3605F3-B26F-32D5-88B6-3A8D8B12060E}"
	ProjectSection(ProjectDependencies) = postProject
		{1F2F5D60-F5EC-347F-90EA-F473E13FBBFF} = {1F2F5D60-F5EC-347F-90EA-F473E13FBBFF}
	EndProjectSection
EndProject
Project("{8BC9CEB8-8B4A-11D0-8D11-00A0C91BC942}") = "generate_drlibc_xarch.asm_core", "..\..\core\generate_drlibc_xarch.asm_core.vcxproj", "{F9DF856E-1963-3926-81ED-D732F055C120}"
	ProjectSection(ProjectDependencies) = postProject
		{1F2F5D60-F5EC-347F-90EA-F473E13FBBFF} = {1F2F5D60-F5EC-347F-90EA-F473E13FBBFF}
	EndProjectSection
EndProject
Project("{8BC9CEB8-8B4A-11D0-8D11-00A0C91BC942}") = "generate_events", "..\..\core\generate_events.vcxproj", "{EC2CB43F-6B31-3787-A357-E34944C5688F}"
	ProjectSection(ProjectDependencies) = postProject
		{1F2F5D60-F5EC-347F-90EA-F473E13FBBFF} = {1F2F5D60-F5EC-347F-90EA-F473E13FBBFF}
	EndProjectSection
EndProject
Project("{8BC9CEB8-8B4A-11D0-8D11-00A0C91BC942}") = "generate_syslog", "..\..\core\generate_syslog.vcxproj", "{F2CFCA13-C575-3E03-A5EE-2FBD5516D12A}"
	ProjectSection(ProjectDependencies) = postProject
		{1F2F5D60-F5EC-347F-90EA-F473E13FBBFF} = {1F2F5D60-F5EC-347F-90EA-F473E13FBBFF}
	EndProjectSection
EndProject
Project("{8BC9CEB8-8B4A-11D0-8D11-00A0C91BC942}") = "generate_x86.asm_core", "..\..\core\generate_x86.asm_core.vcxproj", "{1DB3B753-6D1E-3858-9C43-2F0BC6655A98}"
	ProjectSection(ProjectDependencies) = postProject
		{1F2F5D60-F5EC-347F-90EA-F473E13FBBFF} = {1F2F5D60-F5EC-347F-90EA-F473E13FBBFF}
	EndProjectSection
EndProject
Project("{8BC9CEB8-8B4A-11D0-8D11-00A0C91BC942}") = "ntdll_imports", "..\..\core\ntdll_imports.vcxproj", "{56C3103F-5067-3CB2-A2A8-781C66282FFD}"
	ProjectSection(ProjectDependencies) = postProject
		{1F2F5D60-F5EC-347F-90EA-F473E13FBBFF} = {1F2F5D60-F5EC-347F-90EA-F473E13FBBFF}
	EndProjectSection
EndProject
Project("{8BC9CEB8-8B4A-11D0-8D11-00A0C91BC942}") = "winsysnums", "winsysnums.vcxproj", "{C1D9833A-65CA-31D2-B9F0-8D564276BE59}"
	ProjectSection(ProjectDependencies) = postProject
		{1F2F5D60-F5EC-347F-90EA-F473E13FBBFF} = {1F2F5D60-F5EC-347F-90EA-F473E13FBBFF}
		{89AD8787-E120-3954-8292-FE02066AAE41} = {89AD8787-E120-3954-8292-FE02066AAE41}
		{51BEB376-6C9A-34C4-9841-C9ED4126E15D} = {51BEB376-6C9A-34C4-9841-C9ED4126E15D}
	EndProjectSection
EndProject
Global
	GlobalSection(SolutionConfigurationPlatforms) = preSolution
		Debug|Win32 = Debug|Win32
	EndGlobalSection
	GlobalSection(ProjectConfigurationPlatforms) = postSolution
		{F875C68C-93F5-37AB-9A2F-65B47FA77CF7}.Debug|Win32.ActiveCfg = Debug|Win32
		{F875C68C-93F5-37AB-9A2F-65B47FA77CF7}.Debug|Win32.Build.0 = Debug|Win32
		{9956DD7D-5082-3F69-A795-C82E46DEE1DD}.Debug|Win32.ActiveCfg = Debug|Win32
		{D1AE1B5A-59B5-3DED-A602-9D346079C797}.Debug|Win32.ActiveCfg = Debug|Win32
		{97D56790-ACCF-3A3A-B404-8873E927CB71}.Debug|Win32.ActiveCfg = Debug|Win32
		{1F2F5D60-F5EC-347F-90EA-F473E13FBBFF}.Debug|Win32.ActiveCfg = Debug|Win32
		{1F2F5D60-F5EC-347F-90EA-F473E13FBBFF}.Debug|Win32.Build.0 = Debug|Win32
		{1EDA5F8B-B583-3C6B-B062-392F53E09632}.Debug|Win32.ActiveCfg = Debug|Win32
		{1EDA5F8B-B583-3C6B-B062-392F53E09632}.Debug|Win32.Build.0 = Debug|Win32
		{E9E8D4CC-1E71-3DA8-81BF-012BE4968E2F}.Debug|Win32.ActiveCfg = Debug|Win32
		{E9E8D4CC-1E71-3DA8-81BF-012BE4968E2F}.Debug|Win32.Build.0 = Debug|Win32
		{201CABA4-9333-31ED-9D47-A960783A2B95}.Debug|Win32.ActiveCfg = Debug|Win32
		{201CABA4-9333-31ED-9D47-A960783A2B95}.Debug|Win32.Build.0 = Debug|Win32
		{D7326D7B-5157-385A-8AC5-00F240091C48}.Debug|Win32.ActiveCfg = Debug|Win32
		{D7326D7B-5157-385A-8AC5-00F240091C48}.Debug|Win32.Build.0 = Debug|Win32
		{89AD8787-E120-3954-8292-FE02066AAE41}.Debug|Win32.ActiveCfg = Debug|Win32
		{89AD8787-E120-3954-8292-FE02066AAE41}.Debug|Win32.Build.0 = Debug|Win32
		{51BEB376-6C9A-34C4-9841-C9ED4126E15D}.Debug|Win32.ActiveCfg = Debug|Win32
		{51BEB376-6C9A-34C4-9841-C9ED4126E15D}.Debug|Win32.Build.0 = Debug|Win32
		{ED3605F3-B26F-32D5-88B6-3A8D8B12060E}.Debug|Win32.ActiveCfg = Debug|Win32
		{ED3605F3-B26F-32D5-88B6-3A8D8B12060E}.Debug|Win32.Build.0 = Debug|Win32
		{F9DF856E-1963-3926-81ED-D732F055C120}.Debug|Win32.ActiveCfg = Debug|Win32
		{F9DF856E-1963-3926-81ED-D732F055C120}.Debug|Win32.Build.0 = Debug|Win32
		{EC2CB43F-6B31-3787-A357-E34944C5688F}.Debug|Win32.ActiveCfg = Debug|Win32
		{EC2CB43F-6B31-3787-A357-E34944C5688F}.Debug|Win32.Build.0 = Debug|Win32
		{F2CFCA13-C575-3E03-A5EE-2FBD5516D12A}.Debug|Win32.ActiveCfg = Debug|Win32
		{F2CFCA13-C575-3E03-A5EE-2FBD5516D12A}.Debug|Win32.Build.0 = Debug|Win32
		{1DB3B753-6D1E-3858-9C43-2F0BC6655A98}.Debug|Win32.ActiveCfg = Debug|Win32
		{1DB3B753-6D1E-3858-9C43-2F0BC6655A98}.Debug|Win32.Build.0 = Debug|Win32
		{56C3103F-5067-3CB2-A2A8-781C66282FFD}.Debug|Win32.ActiveCfg = Debug|Win32
		{56C3103F-5067-3CB2-A2A8-781C66282FFD}.Debug|Win32.Build.0 = Debug|Win32
		{C1D9833A-65CA-31D2-B9F0-8D564276BE59}.Debug|Win32.ActiveCfg = Debug|Win32
		{C1D9833A-65CA-31D2-B9F0-8D564276BE59}.Debug|Win32.Build.0 = Debug|Win32
	EndGlobalSection
	GlobalSection(ExtensibilityGlobals) = postSolution
		SolutionGuid = {C6880476-C040-3E81-900B-277AF501DF52}
	EndGlobalSection
	GlobalSection(ExtensibilityAddIns) = postSolution
	EndGlobalSection
EndGlobal
