Microsoft Visual Studio Solution File, Format Version 12.00
# Visual Studio 15
Project("{8BC9CEB8-8B4A-11D0-8D11-00A0C91BC942}") = "ALL_BUILD", "ALL_BUILD.vcxproj", "{F875C68C-93F5-37AB-9A2F-65B47FA77CF7}"
	ProjectSection(ProjectDependencies) = postProject
		{1F2F5D60-F5EC-347F-90EA-F473E13FBBFF} = {1F2F5D60-F5EC-347F-90EA-F473E13FBBFF}
		{60B43DA7-963C-3D57-BD5C-7F826B22C119} = {60B43DA7-963C-3D57-BD5C-7F826B22C119}
		{05D1FAC8-0E3A-3746-A919-3E685EC3F896} = {05D1FAC8-0E3A-3746-A919-3E685EC3F896}
		{8A6FA168-3B59-3C9F-A62B-05737B0AAB21} = {8A6FA168-3B59-3C9F-A62B-05737B0AAB21}
		{87F94C34-7EE9-3260-96B1-C21D06B42624} = {87F94C34-7EE9-3260-96B1-C21D06B42624}
		{16A643B9-E923-3D86-B410-D944FD44DDDA} = {16A643B9-E923-3D86-B410-D944FD44DDDA}
		{2F79587C-44F0-380C-94D0-AF0B59CD6639} = {2F79587C-44F0-380C-94D0-AF0B59CD6639}
		{4B2B4653-4DE7-32B1-AFE4-F78E7AC63FCD} = {4B2B4653-4DE7-32B1-AFE4-F78E7AC63FCD}
		{E956CC71-1F8D-3172-B6BB-029EE201DDA0} = {E956CC71-1F8D-3172-B6BB-029EE201DDA0}
		{D17331C3-329D-3C89-A7B4-0DCE9FE74510} = {D17331C3-329D-3C89-A7B4-0DCE9FE74510}
		{8088CB3C-E0C3-33FE-B336-6B763ACCB113} = {8088CB3C-E0C3-33FE-B336-6B763ACCB113}
		{EC117B02-3089-3820-966B-345F7EA929C6} = {EC117B02-3089-3820-966B-345F7EA929C6}
		{85225D00-8812-39EA-B650-343528843603} = {85225D00-8812-39EA-B650-343528843603}
		{C5083FBC-901B-37DD-A10B-CBDABB3F8CE9} = {C5083FBC-901B-37DD-A10B-CBDABB3F8CE9}
		{62CD9B27-3156-345C-BBFB-6D68E98D7C55} = {62CD9B27-3156-345C-BBFB-6D68E98D7C55}
		{6DAFB2C5-D9C6-373A-AA71-003683D7D8C2} = {6DAFB2C5-D9C6-373A-AA71-003683D7D8C2}
		{BA879C50-989E-3563-9B24-3A789A429DDF} = {BA879C50-989E-3563-9B24-3A789A429DDF}
		{3565BBD6-2CD1-30B1-AD42-3846D0C3C850} = {3565BBD6-2CD1-30B1-AD42-3846D0C3C850}
		{A5362FF8-9C5A-3E76-8C42-48340D165E25} = {A5362FF8-9C5A-3E76-8C42-48340D165E25}
		{F7CE91FD-85B8-3EE6-97B1-ECE9E87B2506} = {F7CE91FD-85B8-3EE6-97B1-ECE9E87B2506}
		{618E17FF-853E-3BB8-B3E0-0BF7B09BFEFB} = {618E17FF-853E-3BB8-B3E0-0BF7B09BFEFB}
		{3C57CD27-9DE6-33D2-82C6-35637A3B1873} = {3C57CD27-9DE6-33D2-82C6-35637A3B1873}
		{98C0603A-057F-39D3-987D-4835A5A60EC2} = {98C0603A-057F-39D3-987D-4835A5A60EC2}
		{790FBAD5-71F7-35F1-B365-B55A73656987} = {790FBAD5-71F7-35F1-B365-B55A73656987}
		{9EF8BD9D-E7BC-3502-9B64-2F681EA1954A} = {9EF8BD9D-E7BC-3502-9B64-2F681EA1954A}
		{0CC3D756-4AC3-3901-8EE1-FCA496FF1B2A} = {0CC3D756-4AC3-3901-8EE1-FCA496FF1B2A}
		{33908E1F-01F2-3315-B077-BEF5A2D39FB9} = {33908E1F-01F2-3315-B077-BEF5A2D39FB9}
		{415BF5C4-6891-3369-98D8-5A1DB238A969} = {415BF5C4-6891-3369-98D8-5A1DB238A969}
		{F19ED51E-5411-3594-BC21-41866A6619C7} = {F19ED51E-5411-3594-BC21-41866A6619C7}
		{FC658EC2-2B1C-3AB9-A6A0-A665CEC696E6} = {FC658EC2-2B1C-3AB9-A6A0-A665CEC696E6}
		{2951659E-1F2A-3B5A-A0F8-F7E75121705E} = {2951659E-1F2A-3B5A-A0F8-F7E75121705E}
		{D69FB57C-8989-32B6-9F66-51BB72D2B2EF} = {D69FB57C-8989-32B6-9F66-51BB72D2B2EF}
	EndProjectSection
EndProject
Project("{8BC9CEB8-8B4A-11D0-8D11-00A0C91BC942}") = "INSTALL", "INSTALL.vcxproj", "{9956DD7D-5082-3F69-A795-C82E46DEE1DD}"
	ProjectSection(ProjectDependencies) = postProject
		{F875C68C-93F5-37AB-9A2F-65B47FA77CF7} = {F875C68C-93F5-37AB-9A2F-65B47FA77CF7}
		{1F2F5D60-F5EC-347F-90EA-F473E13FBBFF} = {1F2F5D60-F5EC-347F-90EA-F473E13FBBFF}
	EndProjectSection
EndProject
Project("{8BC9CEB8-8B4A-11D0-8D11-00A0C91BC942}") = "PACKAGE", "PACKAGE.vcxproj", "{D1AE1B5A-59B5-3DED-A602-9D346079C797}"
	ProjectSection(ProjectDependencies) = postProject
		{F875C68C-93F5-37AB-9A2F-65B47FA77CF7} = {F875C68C-93F5-37AB-9A2F-65B47FA77CF7}
		{1F2F5D60-F5EC-347F-90EA-F473E13FBBFF} = {1F2F5D60-F5EC-347F-90EA-F473E13FBBFF}
	EndProjectSection
EndProject
Project("{8BC9CEB8-8B4A-11D0-8D11-00A0C91BC942}") = "RUN_TESTS", "RUN_TESTS.vcxproj", "{97D56790-ACCF-3A3A-B404-8873E927CB71}"
	ProjectSection(ProjectDependencies) = postProject
		{1F2F5D60-F5EC-347F-90EA-F473E13FBBFF} = {1F2F5D60-F5EC-347F-90EA-F473E13FBBFF}
	EndProjectSection
EndProject
Project("{8BC9CEB8-8B4A-11D0-8D11-00A0C91BC942}") = "ZERO_CHECK", "..\..\\ZERO_CHECK.vcxproj", "{1F2F5D60-F5EC-347F-90EA-F473E13FBBFF}"
	ProjectSection(ProjectDependencies) = postProject
	EndProjectSection
EndProject
Project("{8BC9CEB8-8B4A-11D0-8D11-00A0C91BC942}") = "api_headers", "..\..\\api_headers.vcxproj", "{1EDA5F8B-B583-3C6B-B062-392F53E09632}"
	ProjectSection(ProjectDependencies) = postProject
		{1F2F5D60-F5EC-347F-90EA-F473E13FBBFF} = {1F2F5D60-F5EC-347F-90EA-F473E13FBBFF}
	EndProjectSection
EndProject
Project("{8BC9CEB8-8B4A-11D0-8D11-00A0C91BC942}") = "bbbuf", "bbbuf.vcxproj", "{60B43DA7-963C-3D57-BD5C-7F826B22C119}"
	ProjectSection(ProjectDependencies) = postProject
		{1F2F5D60-F5EC-347F-90EA-F473E13FBBFF} = {1F2F5D60-F5EC-347F-90EA-F473E13FBBFF}
		{201CABA4-9333-31ED-9D47-A960783A2B95} = {201CABA4-9333-31ED-9D47-A960783A2B95}
		{587685B0-A145-3EB2-A2FB-6DAF79585D74} = {587685B0-A145-3EB2-A2FB-6DAF79585D74}
		{231D7C81-B170-391B-85B6-9A9AE57C3D8D} = {231D7C81-B170-391B-85B6-9A9AE57C3D8D}
		{A4FEEE1D-A3C2-36EE-8FE1-4C00C9893521} = {A4FEEE1D-A3C2-36EE-8FE1-4C00C9893521}
		{51BEB376-6C9A-34C4-9841-C9ED4126E15D} = {51BEB376-6C9A-34C4-9841-C9ED4126E15D}
		{56C3103F-5067-3CB2-A2A8-781C66282FFD} = {56C3103F-5067-3CB2-A2A8-781C66282FFD}
	EndProjectSection
EndProject
Project("{8BC9CEB8-8B4A-11D0-8D11-00A0C91BC942}") = "bbcount", "bbcount.vcxproj", "{05D1FAC8-0E3A-3746-A919-3E685EC3F896}"
	ProjectSection(ProjectDependencies) = postProject
		{1F2F5D60-F5EC-347F-90EA-F473E13FBBFF} = {1F2F5D60-F5EC-347F-90EA-F473E13FBBFF}
		{201CABA4-9333-31ED-9D47-A960783A2B95} = {201CABA4-9333-31ED-9D47-A960783A2B95}
		{587685B0-A145-3EB2-A2FB-6DAF79585D74} = {587685B0-A145-3EB2-A2FB-6DAF79585D74}
		{231D7C81-B170-391B-85B6-9A9AE57C3D8D} = {231D7C81-B170-391B-85B6-9A9AE57C3D8D}
		{A4FEEE1D-A3C2-36EE-8FE1-4C00C9893521} = {A4FEEE1D-A3C2-36EE-8FE1-4C00C9893521}
		{51BEB376-6C9A-34C4-9841-C9ED4126E15D} = {51BEB376-6C9A-34C4-9841-C9ED4126E15D}
		{56C3103F-5067-3CB2-A2A8-781C66282FFD} = {56C3103F-5067-3CB2-A2A8-781C66282FFD}
	EndProjectSection
EndProject
Project("{8BC9CEB8-8B4A-11D0-8D11-00A0C91BC942}") = "bbsize", "bbsize.vcxproj", "{8A6FA168-3B59-3C9F-A62B-05737B0AAB21}"
	ProjectSection(ProjectDependencies) = postProject
		{1F2F5D60-F5EC-347F-90EA-F473E13FBBFF} = {1F2F5D60-F5EC-347F-90EA-F473E13FBBFF}
		{201CABA4-9333-31ED-9D47-A960783A2B95} = {201CABA4-9333-31ED-9D47-A960783A2B95}
		{587685B0-A145-3EB2-A2FB-6DAF79585D74} = {587685B0-A145-3EB2-A2FB-6DAF79585D74}
		{231D7C81-B170-391B-85B6-9A9AE57C3D8D} = {231D7C81-B170-391B-85B6-9A9AE57C3D8D}
		{A4FEEE1D-A3C2-36EE-8FE1-4C00C9893521} = {A4FEEE1D-A3C2-36EE-8FE1-4C00C9893521}
		{51BEB376-6C9A-34C4-9841-C9ED4126E15D} = {51BEB376-6C9A-34C4-9841-C9ED4126E15D}
		{56C3103F-5067-3CB2-A2A8-781C66282FFD} = {56C3103F-5067-3CB2-A2A8-781C66282FFD}
	EndProjectSection
EndProject
Project("{8BC9CEB8-8B4A-11D0-8D11-00A0C91BC942}") = "cbr", "cbr.vcxproj", "{87F94C34-7EE9-3260-96B1-C21D06B42624}"
	ProjectSection(ProjectDependencies) = postProject
		{1F2F5D60-F5EC-347F-90EA-F473E13FBBFF} = {1F2F5D60-F5EC-347F-90EA-F473E13FBBFF}
		{201CABA4-9333-31ED-9D47-A960783A2B95} = {201CABA4-9333-31ED-9D47-A960783A2B95}
		{587685B0-A145-3EB2-A2FB-6DAF79585D74} = {587685B0-A145-3EB2-A2FB-6DAF79585D74}
		{51BEB376-6C9A-34C4-9841-C9ED4126E15D} = {51BEB376-6C9A-34C4-9841-C9ED4126E15D}
	EndProjectSection
EndProject
Project("{8BC9CEB8-8B4A-11D0-8D11-00A0C91BC942}") = "cbrtrace", "cbrtrace.vcxproj", "{16A643B9-E923-3D86-B410-D944FD44DDDA}"
	ProjectSection(ProjectDependencies) = postProject
		{1F2F5D60-F5EC-347F-90EA-F473E13FBBFF} = {1F2F5D60-F5EC-347F-90EA-F473E13FBBFF}
		{201CABA4-9333-31ED-9D47-A960783A2B95} = {201CABA4-9333-31ED-9D47-A960783A2B95}
		{587685B0-A145-3EB2-A2FB-6DAF79585D74} = {587685B0-A145-3EB2-A2FB-6DAF79585D74}
		{231D7C81-B170-391B-85B6-9A9AE57C3D8D} = {231D7C81-B170-391B-85B6-9A9AE57C3D8D}
		{A4FEEE1D-A3C2-36EE-8FE1-4C00C9893521} = {A4FEEE1D-A3C2-36EE-8FE1-4C00C9893521}
		{51BEB376-6C9A-34C4-9841-C9ED4126E15D} = {51BEB376-6C9A-34C4-9841-C9ED4126E15D}
		{56C3103F-5067-3CB2-A2A8-781C66282FFD} = {56C3103F-5067-3CB2-A2A8-781C66282FFD}
	EndProjectSection
EndProject
Project("{8BC9CEB8-8B4A-11D0-8D11-00A0C91BC942}") = "countcalls", "countcalls.vcxproj", "{2F79587C-44F0-380C-94D0-AF0B59CD6639}"
	ProjectSection(ProjectDependencies) = postProject
		{1F2F5D60-F5EC-347F-90EA-F473E13FBBFF} = {1F2F5D60-F5EC-347F-90EA-F473E13FBBFF}
		{201CABA4-9333-31ED-9D47-A960783A2B95} = {201CABA4-9333-31ED-9D47-A960783A2B95}
		{587685B0-A145-3EB2-A2FB-6DAF79585D74} = {587685B0-A145-3EB2-A2FB-6DAF79585D74}
		{231D7C81-B170-391B-85B6-9A9AE57C3D8D} = {231D7C81-B170-391B-85B6-9A9AE57C3D8D}
		{51BEB376-6C9A-34C4-9841-C9ED4126E15D} = {51BEB376-6C9A-34C4-9841-C9ED4126E15D}
	EndProjectSection
EndProject
Project("{8BC9CEB8-8B4A-11D0-8D11-00A0C91BC942}") = "dbghelp_tgt", "..\..\ext\drsyms\dbghelp_tgt.vcxproj", "{E9E8D4CC-1E71-3DA8-81BF-012BE4968E2F}"
	ProjectSection(ProjectDependencies) = postProject
		{1F2F5D60-F5EC-347F-90EA-F473E13FBBFF} = {1F2F5D60-F5EC-347F-90EA-F473E13FBBFF}
	EndProjectSection
EndProject
Project("{8BC9CEB8-8B4A-11D0-8D11-00A0C91BC942}") = "div", "div.vcxproj", "{4B2B4653-4DE7-32B1-AFE4-F78E7AC63FCD}"
	ProjectSection(ProjectDependencies) = postProject
		{1F2F5D60-F5EC-347F-90EA-F473E13FBBFF} = {1F2F5D60-F5EC-347F-90EA-F473E13FBBFF}
		{201CABA4-9333-31ED-9D47-A960783A2B95} = {201CABA4-9333-31ED-9D47-A960783A2B95}
		{587685B0-A145-3EB2-A2FB-6DAF79585D74} = {587685B0-A145-3EB2-A2FB-6DAF79585D74}
		{51BEB376-6C9A-34C4-9841-C9ED4126E15D} = {51BEB376-6C9A-34C4-9841-C9ED4126E15D}
	EndProjectSection
EndProject
Project("{8BC9CEB8-8B4A-11D0-8D11-00A0C91BC942}") = "drbbdup", "..\..\ext\drbbdup\drbbdup.vcxproj", "{DB1CA364-52E2-33F9-B97B-3DE43B63FE0D}"
	ProjectSection(ProjectDependencies) = postProject
		{1F2F5D60-F5EC-347F-90EA-F473E13FBBFF} = {1F2F5D60-F5EC-347F-90EA-F473E13FBBFF}
		{1EDA5F8B-B583-3C6B-B062-392F53E09632} = {1EDA5F8B-B583-3C6B-B062-392F53E09632}
		{201CABA4-9333-31ED-9D47-A960783A2B95} = {201CABA4-9333-31ED-9D47-A960783A2B95}
		{587685B0-A145-3EB2-A2FB-6DAF79585D74} = {587685B0-A145-3EB2-A2FB-6DAF79585D74}
		{231D7C81-B170-391B-85B6-9A9AE57C3D8D} = {231D7C81-B170-391B-85B6-9A9AE57C3D8D}
		{51BEB376-6C9A-34C4-9841-C9ED4126E15D} = {51BEB376-6C9A-34C4-9841-C9ED4126E15D}
	EndProjectSection
EndProject
Project("{8BC9CEB8-8B4A-11D0-8D11-00A0C91BC942}") = "drcontainers", "..\..\ext\drcontainers\drcontainers.vcxproj", "{201CABA4-9333-31ED-9D47-A960783A2B95}"
	ProjectSection(ProjectDependencies) = postProject
		{1F2F5D60-F5EC-347F-90EA-F473E13FBBFF} = {1F2F5D60-F5EC-347F-90EA-F473E13FBBFF}
		{1EDA5F8B-B583-3C6B-B062-392F53E09632} = {1EDA5F8B-B583-3C6B-B062-392F53E09632}
		{51BEB376-6C9A-34C4-9841-C9ED4126E15D} = {51BEB376-6C9A-34C4-9841-C9ED4126E15D}
	EndProjectSection
EndProject
Project("{8BC9CEB8-8B4A-11D0-8D11-00A0C91BC942}") = "drlibc", "..\..\core\drlibc.vcxproj", "{D7326D7B-5157-385A-8AC5-00F240091C48}"
	ProjectSection(ProjectDependencies) = postProject
		{1F2F5D60-F5EC-347F-90EA-F473E13FBBFF} = {1F2F5D60-F5EC-347F-90EA-F473E13FBBFF}
		{ED3605F3-B26F-32D5-88B6-3A8D8B12060E} = {ED3605F3-B26F-32D5-88B6-3A8D8B12060E}
		{F9DF856E-1963-3926-81ED-D732F055C120} = {F9DF856E-1963-3926-81ED-D732F055C120}
		{EC2CB43F-6B31-3787-A357-E34944C5688F} = {EC2CB43F-6B31-3787-A357-E34944C5688F}
		{F2CFCA13-C575-3E03-A5EE-2FBD5516D12A} = {F2CFCA13-C575-3E03-A5EE-2FBD5516D12A}
	EndProjectSection
EndProject
Project("{8BC9CEB8-8B4A-11D0-8D11-00A0C91BC942}") = "drmgr", "..\..\ext\drmgr\drmgr.vcxproj", "{587685B0-A145-3EB2-A2FB-6DAF79585D74}"
	ProjectSection(ProjectDependencies) = postProject
		{1F2F5D60-F5EC-347F-90EA-F473E13FBBFF} = {1F2F5D60-F5EC-347F-90EA-F473E13FBBFF}
		{1EDA5F8B-B583-3C6B-B062-392F53E09632} = {1EDA5F8B-B583-3C6B-B062-392F53E09632}
		{201CABA4-9333-31ED-9D47-A960783A2B95} = {201CABA4-9333-31ED-9D47-A960783A2B95}
		{51BEB376-6C9A-34C4-9841-C9ED4126E15D} = {51BEB376-6C9A-34C4-9841-C9ED4126E15D}
	EndProjectSection
EndProject
Project("{8BC9CEB8-8B4A-11D0-8D11-00A0C91BC942}") = "drreg", "..\..\ext\drreg\drreg.vcxproj", "{231D7C81-B170-391B-85B6-9A9AE57C3D8D}"
	ProjectSection(ProjectDependencies) = postProject
		{1F2F5D60-F5EC-347F-90EA-F473E13FBBFF} = {1F2F5D60-F5EC-347F-90EA-F473E13FBBFF}
		{1EDA5F8B-B583-3C6B-B062-392F53E09632} = {1EDA5F8B-B583-3C6B-B062-392F53E09632}
		{201CABA4-9333-31ED-9D47-A960783A2B95} = {201CABA4-9333-31ED-9D47-A960783A2B95}
		{587685B0-A145-3EB2-A2FB-6DAF79585D74} = {587685B0-A145-3EB2-A2FB-6DAF79585D74}
		{51BEB376-6C9A-34C4-9841-C9ED4126E15D} = {51BEB376-6C9A-34C4-9841-C9ED4126E15D}
	EndProjectSection
EndProject
Project("{8BC9CEB8-8B4A-11D0-8D11-00A0C91BC942}") = "drsyms", "..\..\ext\drsyms\drsyms.vcxproj", "{89AD8787-E120-3954-8292-FE02066AAE41}"
	ProjectSection(ProjectDependencies) = postProject
		{1F2F5D60-F5EC-347F-90EA-F473E13FBBFF} = {1F2F5D60-F5EC-347F-90EA-F473E13FBBFF}
		{1EDA5F8B-B583-3C6B-B062-392F53E09632} = {1EDA5F8B-B583-3C6B-B062-392F53E09632}
		{E9E8D4CC-1E71-3DA8-81BF-012BE4968E2F} = {E9E8D4CC-1E71-3DA8-81BF-012BE4968E2F}
		{201CABA4-9333-31ED-9D47-A960783A2B95} = {201CABA4-9333-31ED-9D47-A960783A2B95}
		{51BEB376-6C9A-34C4-9841-C9ED4126E15D} = {51BEB376-6C9A-34C4-9841-C9ED4126E15D}
	EndProjectSection
EndProject
Project("{8BC9CEB8-8B4A-11D0-8D11-00A0C91BC942}") = "drutil", "..\..\ext\drutil\drutil.vcxproj", "{8502AE82-123C-334A-A91F-6D5C1F63131F}"
	ProjectSection(ProjectDependencies) = postProject
		{1F2F5D60-F5EC-347F-90EA-F473E13FBBFF} = {1F2F5D60-F5EC-347F-90EA-F473E13FBBFF}
		{1EDA5F8B-B583-3C6B-B062-392F53E09632} = {1EDA5F8B-B583-3C6B-B062-392F53E09632}
		{201CABA4-9333-31ED-9D47-A960783A2B95} = {201CABA4-9333-31ED-9D47-A960783A2B95}
		{587685B0-A145-3EB2-A2FB-6DAF79585D74} = {587685B0-A145-3EB2-A2FB-6DAF79585D74}
		{51BEB376-6C9A-34C4-9841-C9ED4126E15D} = {51BEB376-6C9A-34C4-9841-C9ED4126E15D}
	EndProjectSection
EndProject
Project("{8BC9CEB8-8B4A-11D0-8D11-00A0C91BC942}") = "drwrap", "..\..\ext\drwrap\drwrap.vcxproj", "{C627F3E8-DD93-35C9-88F5-7715D13C1E1E}"
	ProjectSection(ProjectDependencies) = postProject
		{1F2F5D60-F5EC-347F-90EA-F473E13FBBFF} = {1F2F5D60-F5EC-347F-90EA-F473E13FBBFF}
		{1EDA5F8B-B583-3C6B-B062-392F53E09632} = {1EDA5F8B-B583-3C6B-B062-392F53E09632}
		{201CABA4-9333-31ED-9D47-A960783A2B95} = {201CABA4-9333-31ED-9D47-A960783A2B95}
		{587685B0-A145-3EB2-A2FB-6DAF79585D74} = {587685B0-A145-3EB2-A2FB-6DAF79585D74}
		{51BEB376-6C9A-34C4-9841-C9ED4126E15D} = {51BEB376-6C9A-34C4-9841-C9ED4126E15D}
		{D6C00B3C-8983-37BA-9F41-A761AACE02D7} = {D6C00B3C-8983-37BA-9F41-A761AACE02D7}
	EndProjectSection
EndProject
Project("{8BC9CEB8-8B4A-11D0-8D11-00A0C91BC942}") = "drx", "..\..\ext\drx\drx.vcxproj", "{A4FEEE1D-A3C2-36EE-8FE1-4C00C9893521}"
	ProjectSection(ProjectDependencies) = postProject
		{1F2F5D60-F5EC-347F-90EA-F473E13FBBFF} = {1F2F5D60-F5EC-347F-90EA-F473E13FBBFF}
		{1EDA5F8B-B583-3C6B-B062-392F53E09632} = {1EDA5F8B-B583-3C6B-B062-392F53E09632}
		{201CABA4-9333-31ED-9D47-A960783A2B95} = {201CABA4-9333-31ED-9D47-A960783A2B95}
		{587685B0-A145-3EB2-A2FB-6DAF79585D74} = {587685B0-A145-3EB2-A2FB-6DAF79585D74}
		{231D7C81-B170-391B-85B6-9A9AE57C3D8D} = {231D7C81-B170-391B-85B6-9A9AE57C3D8D}
		{51BEB376-6C9A-34C4-9841-C9ED4126E15D} = {51BEB376-6C9A-34C4-9841-C9ED4126E15D}
		{56C3103F-5067-3CB2-A2A8-781C66282FFD} = {56C3103F-5067-3CB2-A2A8-781C66282FFD}
	EndProjectSection
EndProject
Project("{8BC9CEB8-8B4A-11D0-8D11-00A0C91BC942}") = "dynamorio", "..\..\core\dynamorio.vcxproj", "{51BEB376-6C9A-34C4-9841-C9ED4126E15D}"
	ProjectSection(ProjectDependencies) = postProject
		{1F2F5D60-F5EC-347F-90EA-F473E13FBBFF} = {1F2F5D60-F5EC-347F-90EA-F473E13FBBFF}
		{1EDA5F8B-B583-3C6B-B062-392F53E09632} = {1EDA5F8B-B583-3C6B-B062-392F53E09632}
		{D7326D7B-5157-385A-8AC5-00F240091C48} = {D7326D7B-5157-385A-8AC5-00F240091C48}
		{EC2CB43F-6B31-3787-A357-E34944C5688F} = {EC2CB43F-6B31-3787-A357-E34944C5688F}
		{F2CFCA13-C575-3E03-A5EE-2FBD5516D12A} = {F2CFCA13-C575-3E03-A5EE-2FBD5516D12A}
		{1DB3B753-6D1E-3858-9C43-2F0BC6655A98} = {1DB3B753-6D1E-3858-9C43-2F0BC6655A98}
		{56C3103F-5067-3CB2-A2A8-781C66282FFD} = {56C3103F-5067-3CB2-A2A8-781C66282FFD}
	EndProjectSection
EndProject
Project("{8BC9CEB8-8B4A-11D0-8D11-00A0C91BC942}") = "empty", "empty.vcxproj", "{E956CC71-1F8D-3172-B6BB-029EE201DDA0}"
	ProjectSection(ProjectDependencies) = postProject
		{1F2F5D60-F5EC-347F-90EA-F473E13FBBFF} = {1F2F5D60-F5EC-347F-90EA-F473E13FBBFF}
		{51BEB376-6C9A-34C4-9841-C9ED4126E15D} = {51BEB376-6C9A-34C4-9841-C9ED4126E15D}
	EndProjectSection
EndProject
Project("{8BC9CEB8-8B4A-11D0-8D11-00A0C91BC942}") = "generate_drlibc_x86.asm", "..\..\core\generate_drlibc_x86.asm.vcxproj", "{ED3605F3-B26F-32D5-88B6-3A8D8B12060E}"
	ProjectSection(ProjectDependencies) = postProject
		{1F2F5D60-F5EC-347F-90EA-F473E13FBBFF} = {1F2F5D60-F5EC-347F-90EA-F473E13FBBFF}
	EndProjectSection
EndProject
Project("{8BC9CEB8-8B4A-11D0-8D11-00A0C91BC942}") = "generate_drlibc_xarch.asm_core", "..\..\core\generate_drlibc_xarch.asm_core.vcxproj", "{F9DF856E-1963-3926-81ED-D732F055C120}"
	ProjectSection(ProjectDependencies) = postProject
		{1F2F5D60-F5EC-347F-90EA-F473E13FBBFF} = {1F2F5D60-F5EC-347F-90EA-F473E13FBBFF}
	EndProjectSection
EndProject
Project("{8BC9CEB8-8B4A-11D0-8D11-00A0C91BC942}") = "generate_drwrap_asm_x86.asm", "..\..\ext\drwrap\generate_drwrap_asm_x86.asm.vcxproj", "{D6C00B3C-8983-37BA-9F41-A761AACE02D7}"
	ProjectSection(ProjectDependencies) = postProject
		{1F2F5D60-F5EC-347F-90EA-F473E13FBBFF} = {1F2F5D60-F5EC-347F-90EA-F473E13FBBFF}
	EndProjectSection
EndProject
Project("{8BC9CEB8-8B4A-11D0-8D11-00A0C91BC942}") = "generate_events", "..\..\core\generate_events.vcxproj", "{EC2CB43F-6B31-3787-A357-E34944C5688F}"
	ProjectSection(ProjectDependencies) = postProject
		{1F2F5D60-F5EC-347F-90EA-F473E13FBBFF} = {1F2F5D60-F5EC-347F-90EA-F473E13FBBFF}
	EndProjectSection
EndProject
Project("{8BC9CEB8-8B4A-11D0-8D11-00A0C91BC942}") = "generate_syslog", "..\..\core\generate_syslog.vcxproj", "{F2CFCA13-C575-3E03-A5EE-2FBD5516D12A}"
	ProjectSection(ProjectDependencies) = postProject
		{1F2F5D60-F5EC-347F-90EA-F473E13FBBFF} = {1F2F5D60-F5EC-347F-90EA-F473E13FBBFF}
	EndProjectSection
EndProject
Project("{8BC9CEB8-8B4A-11D0-8D11-00A0C91BC942}") = "generate_x86.asm_core", "..\..\core\generate_x86.asm_core.vcxproj", "{1DB3B753-6D1E-3858-9C43-2F0BC6655A98}"
	ProjectSection(ProjectDependencies) = postProject
		{1F2F5D60-F5EC-347F-90EA-F473E13FBBFF} = {1F2F5D60-F5EC-347F-90EA-F473E13FBBFF}
	EndProjectSection
EndProject
Project("{8BC9CEB8-8B4A-11D0-8D11-00A0C91BC942}") = "hot_bbcount", "hot_bbcount.vcxproj", "{D17331C3-329D-3C89-A7B4-0DCE9FE74510}"
	ProjectSection(ProjectDependencies) = postProject
		{1F2F5D60-F5EC-347F-90EA-F473E13FBBFF} = {1F2F5D60-F5EC-347F-90EA-F473E13FBBFF}
		{DB1CA364-52E2-33F9-B97B-3DE43B63FE0D} = {DB1CA364-52E2-33F9-B97B-3DE43B63FE0D}
		{201CABA4-9333-31ED-9D47-A960783A2B95} = {201CABA4-9333-31ED-9D47-A960783A2B95}
		{587685B0-A145-3EB2-A2FB-6DAF79585D74} = {587685B0-A145-3EB2-A2FB-6DAF79585D74}
		{231D7C81-B170-391B-85B6-9A9AE57C3D8D} = {231D7C81-B170-391B-85B6-9A9AE57C3D8D}
		{A4FEEE1D-A3C2-36EE-8FE1-4C00C9893521} = {A4FEEE1D-A3C2-36EE-8FE1-4C00C9893521}
		{51BEB376-6C9A-34C4-9841-C9ED4126E15D} = {51BEB376-6C9A-34C4-9841-C9ED4126E15D}
		{56C3103F-5067-3CB2-A2A8-781C66282FFD} = {56C3103F-5067-3CB2-A2A8-781C66282FFD}
	EndProjectSection
EndProject
Project("{8BC9CEB8-8B4A-11D0-8D11-00A0C91BC942}") = "inc2add", "inc2add.vcxproj", "{8088CB3C-E0C3-33FE-B336-6B763ACCB113}"
	ProjectSection(ProjectDependencies) = postProject
		{1F2F5D60-F5EC-347F-90EA-F473E13FBBFF} = {1F2F5D60-F5EC-347F-90EA-F473E13FBBFF}
		{201CABA4-9333-31ED-9D47-A960783A2B95} = {201CABA4-9333-31ED-9D47-A960783A2B95}
		{587685B0-A145-3EB2-A2FB-6DAF79585D74} = {587685B0-A145-3EB2-A2FB-6DAF79585D74}
		{231D7C81-B170-391B-85B6-9A9AE57C3D8D} = {231D7C81-B170-391B-85B6-9A9AE57C3D8D}
		{51BEB376-6C9A-34C4-9841-C9ED4126E15D} = {51BEB376-6C9A-34C4-9841-C9ED4126E15D}
	EndProjectSection
EndProject
Project("{8BC9CEB8-8B4A-11D0-8D11-00A0C91BC942}") = "inline", "inline.vcxproj", "{EC117B02-3089-3820-966B-345F7EA929C6}"
	ProjectSection(ProjectDependencies) = postProject
		{1F2F5D60-F5EC-347F-90EA-F473E13FBBFF} = {1F2F5D60-F5EC-347F-90EA-F473E13FBBFF}
		{201CABA4-9333-31ED-9D47-A960783A2B95} = {201CABA4-9333-31ED-9D47-A960783A2B95}
		{587685B0-A145-3EB2-A2FB-6DAF79585D74} = {587685B0-A145-3EB2-A2FB-6DAF79585D74}
		{51BEB376-6C9A-34C4-9841-C9ED4126E15D} = {51BEB376-6C9A-34C4-9841-C9ED4126E15D}
	EndProjectSection
EndProject
Project("{8BC9CEB8-8B4A-11D0-8D11-00A0C91BC942}") = "inscount", "inscount.vcxproj", "{85225D00-8812-39EA-B650-343528843603}"
	ProjectSection(ProjectDependencies) = postProject
		{1F2F5D60-F5EC-347F-90EA-F473E13FBBFF} = {1F2F5D60-F5EC-347F-90EA-F473E13FBBFF}
		{201CABA4-9333-31ED-9D47-A960783A2B95} = {201CABA4-9333-31ED-9D47-A960783A2B95}
		{587685B0-A145-3EB2-A2FB-6DAF79585D74} = {587685B0-A145-3EB2-A2FB-6DAF79585D74}
		{51BEB376-6C9A-34C4-9841-C9ED4126E15D} = {51BEB376-6C9A-34C4-9841-C9ED4126E15D}
	EndProjectSection
EndProject
Project("{8BC9CEB8-8B4A-11D0-8D11-00A0C91BC942}") = "instrace_simple", "instrace_simple.vcxproj", "{C5083FBC-901B-37DD-A10B-CBDABB3F8CE9}"
	ProjectSection(ProjectDependencies) = postProject
		{1F2F5D60-F5EC-347F-90EA-F473E13FBBFF} = {1F2F5D60-F5EC-347F-90EA-F473E13FBBFF}
		{201CABA4-9333-31ED-9D47-A960783A2B95} = {201CABA4-9333-31ED-9D47-A960783A2B95}
		{587685B0-A145-3EB2-A2FB-6DAF79585D74} = {587685B0-A145-3EB2-A2FB-6DAF79585D74}
		{231D7C81-B170-391B-85B6-9A9AE57C3D8D} = {231D7C81-B170-391B-85B6-9A9AE57C3D8D}
		{A4FEEE1D-A3C2-36EE-8FE1-4C00C9893521} = {A4FEEE1D-A3C2-36EE-8FE1-4C00C9893521}
		{51BEB376-6C9A-34C4-9841-C9ED4126E15D} = {51BEB376-6C9A-34C4-9841-C9ED4126E15D}
		{56C3103F-5067-3CB2-A2A8-781C66282FFD} = {56C3103F-5067-3CB2-A2A8-781C66282FFD}
	EndProjectSection
EndProject
Project("{8BC9CEB8-8B4A-11D0-8D11-00A0C91BC942}") = "instrace_x86_binary", "instrace_x86_binary.vcxproj", "{62CD9B27-3156-345C-BBFB-6D68E98D7C55}"
	ProjectSection(ProjectDependencies) = postProject
		{1F2F5D60-F5EC-347F-90EA-F473E13FBBFF} = {1F2F5D60-F5EC-347F-90EA-F473E13FBBFF}
		{201CABA4-9333-31ED-9D47-A960783A2B95} = {201CABA4-9333-31ED-9D47-A960783A2B95}
		{587685B0-A145-3EB2-A2FB-6DAF79585D74} = {587685B0-A145-3EB2-A2FB-6DAF79585D74}
		{231D7C81-B170-391B-85B6-9A9AE57C3D8D} = {231D7C81-B170-391B-85B6-9A9AE57C3D8D}
		{A4FEEE1D-A3C2-36EE-8FE1-4C00C9893521} = {A4FEEE1D-A3C2-36EE-8FE1-4C00C9893521}
		{51BEB376-6C9A-34C4-9841-C9ED4126E15D} = {51BEB376-6C9A-34C4-9841-C9ED4126E15D}
		{56C3103F-5067-3CB2-A2A8-781C66282FFD} = {56C3103F-5067-3CB2-A2A8-781C66282FFD}
	EndProjectSection
EndProject
Project("{8BC9CEB8-8B4A-11D0-8D11-00A0C91BC942}") = "instrace_x86_text", "instrace_x86_text.vcxproj", "{6DAFB2C5-D9C6-373A-AA71-003683D7D8C2}"
	ProjectSection(ProjectDependencies) = postProject
		{1F2F5D60-F5EC-347F-90EA-F473E13FBBFF} = {1F2F5D60-F5EC-347F-90EA-F473E13FBBFF}
		{201CABA4-9333-31ED-9D47-A960783A2B95} = {201CABA4-9333-31ED-9D47-A960783A2B95}
		{587685B0-A145-3EB2-A2FB-6DAF79585D74} = {587685B0-A145-3EB2-A2FB-6DAF79585D74}
		{231D7C81-B170-391B-85B6-9A9AE57C3D8D} = {231D7C81-B170-391B-85B6-9A9AE57C3D8D}
		{A4FEEE1D-A3C2-36EE-8FE1-4C00C9893521} = {A4FEEE1D-A3C2-36EE-8FE1-4C00C9893521}
		{51BEB376-6C9A-34C4-9841-C9ED4126E15D} = {51BEB376-6C9A-34C4-9841-C9ED4126E15D}
		{56C3103F-5067-3CB2-A2A8-781C66282FFD} = {56C3103F-5067-3CB2-A2A8-781C66282FFD}
	EndProjectSection
EndProject
Project("{8BC9CEB8-8B4A-11D0-8D11-00A0C91BC942}") = "instrcalls", "instrcalls.vcxproj", "{BA879C50-989E-3563-9B24-3A789A429DDF}"
	ProjectSection(ProjectDependencies) = postProject
		{1F2F5D60-F5EC-347F-90EA-F473E13FBBFF} = {1F2F5D60-F5EC-347F-90EA-F473E13FBBFF}
		{201CABA4-9333-31ED-9D47-A960783A2B95} = {201CABA4-9333-31ED-9D47-A960783A2B95}
		{587685B0-A145-3EB2-A2FB-6DAF79585D74} = {587685B0-A145-3EB2-A2FB-6DAF79585D74}
		{231D7C81-B170-391B-85B6-9A9AE57C3D8D} = {231D7C81-B170-391B-85B6-9A9AE57C3D8D}
		{89AD8787-E120-3954-8292-FE02066AAE41} = {89AD8787-E120-3954-8292-FE02066AAE41}
		{A4FEEE1D-A3C2-36EE-8FE1-4C00C9893521} = {A4FEEE1D-A3C2-36EE-8FE1-4C00C9893521}
		{51BEB376-6C9A-34C4-9841-C9ED4126E15D} = {51BEB376-6C9A-34C4-9841-C9ED4126E15D}
		{56C3103F-5067-3CB2-A2A8-781C66282FFD} = {56C3103F-5067-3CB2-A2A8-781C66282FFD}
	EndProjectSection
EndProject
Project("{8BC9CEB8-8B4A-11D0-8D11-00A0C91BC942}") = "memtrace_simple", "memtrace_simple.vcxproj", "{3565BBD6-2CD1-30B1-AD42-3846D0C3C850}"
	ProjectSection(ProjectDependencies) = postProject
		{1F2F5D60-F5EC-347F-90EA-F473E13FBBFF} = {1F2F5D60-F5EC-347F-90EA-F473E13FBBFF}
		{201CABA4-9333-31ED-9D47-A960783A2B95} = {201CABA4-9333-31ED-9D47-A960783A2B95}
		{587685B0-A145-3EB2-A2FB-6DAF79585D74} = {587685B0-A145-3EB2-A2FB-6DAF79585D74}
		{231D7C81-B170-391B-85B6-9A9AE57C3D8D} = {231D7C81-B170-391B-85B6-9A9AE57C3D8D}
		{8502AE82-123C-334A-A91F-6D5C1F63131F} = {8502AE82-123C-334A-A91F-6D5C1F63131F}
		{A4FEEE1D-A3C2-36EE-8FE1-4C00C9893521} = {A4FEEE1D-A3C2-36EE-8FE1-4C00C9893521}
		{51BEB376-6C9A-34C4-9841-C9ED4126E15D} = {51BEB376-6C9A-34C4-9841-C9ED4126E15D}
		{56C3103F-5067-3CB2-A2A8-781C66282FFD} = {56C3103F-5067-3CB2-A2A8-781C66282FFD}
	EndProjectSection
EndProject
Project("{8BC9CEB8-8B4A-11D0-8D11-00A0C91BC942}") = "memtrace_x86_binary", "memtrace_x86_binary.vcxproj", "{A5362FF8-9C5A-3E76-8C42-48340D165E25}"
	ProjectSection(ProjectDependencies) = postProject
		{1F2F5D60-F5EC-347F-90EA-F473E13FBBFF} = {1F2F5D60-F5EC-347F-90EA-F473E13FBBFF}
		{201CABA4-9333-31ED-9D47-A960783A2B95} = {201CABA4-9333-31ED-9D47-A960783A2B95}
		{587685B0-A145-3EB2-A2FB-6DAF79585D74} = {587685B0-A145-3EB2-A2FB-6DAF79585D74}
		{231D7C81-B170-391B-85B6-9A9AE57C3D8D} = {231D7C81-B170-391B-85B6-9A9AE57C3D8D}
		{8502AE82-123C-334A-A91F-6D5C1F63131F} = {8502AE82-123C-334A-A91F-6D5C1F63131F}
		{A4FEEE1D-A3C2-36EE-8FE1-4C00C9893521} = {A4FEEE1D-A3C2-36EE-8FE1-4C00C9893521}
		{51BEB376-6C9A-34C4-9841-C9ED4126E15D} = {51BEB376-6C9A-34C4-9841-C9ED4126E15D}
		{56C3103F-5067-3CB2-A2A8-781C66282FFD} = {56C3103F-5067-3CB2-A2A8-781C66282FFD}
	EndProjectSection
EndProject
Project("{8BC9CEB8-8B4A-11D0-8D11-00A0C91BC942}") = "memtrace_x86_text", "memtrace_x86_text.vcxproj", "{F7CE91FD-85B8-3EE6-97B1-ECE9E87B2506}"
	ProjectSection(ProjectDependencies) = postProject
		{1F2F5D60-F5EC-347F-90EA-F473E13FBBFF} = {1F2F5D60-F5EC-347F-90EA-F473E13FBBFF}
		{201CABA4-9333-31ED-9D47-A960783A2B95} = {201CABA4-9333-31ED-9D47-A960783A2B95}
		{587685B0-A145-3EB2-A2FB-6DAF79585D74} = {587685B0-A145-3EB2-A2FB-6DAF79585D74}
		{231D7C81-B170-391B-85B6-9A9AE57C3D8D} = {231D7C81-B170-391B-85B6-9A9AE57C3D8D}
		{8502AE82-123C-334A-A91F-6D5C1F63131F} = {8502AE82-123C-334A-A91F-6D5C1F63131F}
		{A4FEEE1D-A3C2-36EE-8FE1-4C00C9893521} = {A4FEEE1D-A3C2-36EE-8FE1-4C00C9893521}
		{51BEB376-6C9A-34C4-9841-C9ED4126E15D} = {51BEB376-6C9A-34C4-9841-C9ED4126E15D}
		{56C3103F-5067-3CB2-A2A8-781C66282FFD} = {56C3103F-5067-3CB2-A2A8-781C66282FFD}
	EndProjectSection
EndProject
Project("{8BC9CEB8-8B4A-11D0-8D11-00A0C91BC942}") = "memval_simple", "memval_simple.vcxproj", "{618E17FF-853E-3BB8-B3E0-0BF7B09BFEFB}"
	ProjectSection(ProjectDependencies) = postProject
		{1F2F5D60-F5EC-347F-90EA-F473E13FBBFF} = {1F2F5D60-F5EC-347F-90EA-F473E13FBBFF}
		{201CABA4-9333-31ED-9D47-A960783A2B95} = {201CABA4-9333-31ED-9D47-A960783A2B95}
		{587685B0-A145-3EB2-A2FB-6DAF79585D74} = {587685B0-A145-3EB2-A2FB-6DAF79585D74}
		{231D7C81-B170-391B-85B6-9A9AE57C3D8D} = {231D7C81-B170-391B-85B6-9A9AE57C3D8D}
		{8502AE82-123C-334A-A91F-6D5C1F63131F} = {8502AE82-123C-334A-A91F-6D5C1F63131F}
		{A4FEEE1D-A3C2-36EE-8FE1-4C00C9893521} = {A4FEEE1D-A3C2-36EE-8FE1-4C00C9893521}
		{51BEB376-6C9A-34C4-9841-C9ED4126E15D} = {51BEB376-6C9A-34C4-9841-C9ED4126E15D}
		{56C3103F-5067-3CB2-A2A8-781C66282FFD} = {56C3103F-5067-3CB2-A2A8-781C66282FFD}
	EndProjectSection
EndProject
Project("{8BC9CEB8-8B4A-11D0-8D11-00A0C91BC942}") = "modxfer", "modxfer.vcxproj", "{3C57CD27-9DE6-33D2-82C6-35637A3B1873}"
	ProjectSection(ProjectDependencies) = postProject
		{1F2F5D60-F5EC-347F-90EA-F473E13FBBFF} = {1F2F5D60-F5EC-347F-90EA-F473E13FBBFF}
		{201CABA4-9333-31ED-9D47-A960783A2B95} = {201CABA4-9333-31ED-9D47-A960783A2B95}
		{587685B0-A145-3EB2-A2FB-6DAF79585D74} = {587685B0-A145-3EB2-A2FB-6DAF79585D74}
		{231D7C81-B170-391B-85B6-9A9AE57C3D8D} = {231D7C81-B170-391B-85B6-9A9AE57C3D8D}
		{A4FEEE1D-A3C2-36EE-8FE1-4C00C9893521} = {A4FEEE1D-A3C2-36EE-8FE1-4C00C9893521}
		{51BEB376-6C9A-34C4-9841-C9ED4126E15D} = {51BEB376-6C9A-34C4-9841-C9ED4126E15D}
		{56C3103F-5067-3CB2-A2A8-781C66282FFD} = {56C3103F-5067-3CB2-A2A8-781C66282FFD}
	EndProjectSection
EndProject
Project("{8BC9CEB8-8B4A-11D0-8D11-00A0C91BC942}") = "modxfer_app2lib", "modxfer_app2lib.vcxproj", "{98C0603A-057F-39D3-987D-4835A5A60EC2}"
	ProjectSection(ProjectDependencies) = postProject
		{1F2F5D60-F5EC-347F-90EA-F473E13FBBFF} = {1F2F5D60-F5EC-347F-90EA-F473E13FBBFF}
		{201CABA4-9333-31ED-9D47-A960783A2B95} = {201CABA4-9333-31ED-9D47-A960783A2B95}
		{587685B0-A145-3EB2-A2FB-6DAF79585D74} = {587685B0-A145-3EB2-A2FB-6DAF79585D74}
		{51BEB376-6C9A-34C4-9841-C9ED4126E15D} = {51BEB376-6C9A-34C4-9841-C9ED4126E15D}
	EndProjectSection
EndProject
Project("{8BC9CEB8-8B4A-11D0-8D11-00A0C91BC942}") = "ntdll_imports", "..\..\core\ntdll_imports.vcxproj", "{56C3103F-5067-3CB2-A2A8-781C66282FFD}"
	ProjectSection(ProjectDependencies) = postProject
		{1F2F5D60-F5EC-347F-90EA-F473E13FBBFF} = {1F2F5D60-F5EC-347F-90EA-F473E13FBBFF}
	EndProjectSection
EndProject
Project("{8BC9CEB8-8B4A-11D0-8D11-00A0C91BC942}") = "opcode_count", "opcode_count.vcxproj", "{790FBAD5-71F7-35F1-B365-B55A73656987}"
	ProjectSection(ProjectDependencies) = postProject
		{1F2F5D60-F5EC-347F-90EA-F473E13FBBFF} = {1F2F5D60-F5EC-347F-90EA-F473E13FBBFF}
		{201CABA4-9333-31ED-9D47-A960783A2B95} = {201CABA4-9333-31ED-9D47-A960783A2B95}
		{587685B0-A145-3EB2-A2FB-6DAF79585D74} = {587685B0-A145-3EB2-A2FB-6DAF79585D74}
		{231D7C81-B170-391B-85B6-9A9AE57C3D8D} = {231D7C81-B170-391B-85B6-9A9AE57C3D8D}
		{A4FEEE1D-A3C2-36EE-8FE1-4C00C9893521} = {A4FEEE1D-A3C2-36EE-8FE1-4C00C9893521}
		{51BEB376-6C9A-34C4-9841-C9ED4126E15D} = {51BEB376-6C9A-34C4-9841-C9ED4126E15D}
		{56C3103F-5067-3CB2-A2A8-781C66282FFD} = {56C3103F-5067-3CB2-A2A8-781C66282FFD}
	EndProjectSection
EndProject
Project("{8BC9CEB8-8B4A-11D0-8D11-00A0C91BC942}") = "opcodes", "opcodes.vcxproj", "{9EF8BD9D-E7BC-3502-9B64-2F681EA1954A}"
	ProjectSection(ProjectDependencies) = postProject
		{1F2F5D60-F5EC-347F-90EA-F473E13FBBFF} = {1F2F5D60-F5EC-347F-90EA-F473E13FBBFF}
		{201CABA4-9333-31ED-9D47-A960783A2B95} = {201CABA4-9333-31ED-9D47-A960783A2B95}
		{587685B0-A145-3EB2-A2FB-6DAF79585D74} = {587685B0-A145-3EB2-A2FB-6DAF79585D74}
		{231D7C81-B170-391B-85B6-9A9AE57C3D8D} = {231D7C81-B170-391B-85B6-9A9AE57C3D8D}
		{A4FEEE1D-A3C2-36EE-8FE1-4C00C9893521} = {A4FEEE1D-A3C2-36EE-8FE1-4C00C9893521}
		{51BEB376-6C9A-34C4-9841-C9ED4126E15D} = {51BEB376-6C9A-34C4-9841-C9ED4126E15D}
		{56C3103F-5067-3CB2-A2A8-781C66282FFD} = {56C3103F-5067-3CB2-A2A8-781C66282FFD}
	EndProjectSection
EndProject
Project("{8BC9CEB8-8B4A-11D0-8D11-00A0C91BC942}") = "prefetch", "prefetch.vcxproj", "{0CC3D756-4AC3-3901-8EE1-FCA496FF1B2A}"
	ProjectSection(ProjectDependencies) = postProject
		{1F2F5D60-F5EC-347F-90EA-F473E13FBBFF} = {1F2F5D60-F5EC-347F-90EA-F473E13FBBFF}
		{201CABA4-9333-31ED-9D47-A960783A2B95} = {201CABA4-9333-31ED-9D47-A960783A2B95}
		{587685B0-A145-3EB2-A2FB-6DAF79585D74} = {587685B0-A145-3EB2-A2FB-6DAF79585D74}
		{51BEB376-6C9A-34C4-9841-C9ED4126E15D} = {51BEB376-6C9A-34C4-9841-C9ED4126E15D}
	EndProjectSection
EndProject
Project("{8BC9CEB8-8B4A-11D0-8D11-00A0C91BC942}") = "signal", "signal.vcxproj", "{33908E1F-01F2-3315-B077-BEF5A2D39FB9}"
	ProjectSection(ProjectDependencies) = postProject
		{1F2F5D60-F5EC-347F-90EA-F473E13FBBFF} = {1F2F5D60-F5EC-347F-90EA-F473E13FBBFF}
		{201CABA4-9333-31ED-9D47-A960783A2B95} = {201CABA4-9333-31ED-9D47-A960783A2B95}
		{587685B0-A145-3EB2-A2FB-6DAF79585D74} = {587685B0-A145-3EB2-A2FB-6DAF79585D74}
		{51BEB376-6C9A-34C4-9841-C9ED4126E15D} = {51BEB376-6C9A-34C4-9841-C9ED4126E15D}
	EndProjectSection
EndProject
Project("{8BC9CEB8-8B4A-11D0-8D11-00A0C91BC942}") = "stats", "stats.vcxproj", "{415BF5C4-6891-3369-98D8-5A1DB238A969}"
	ProjectSection(ProjectDependencies) = postProject
		{1F2F5D60-F5EC-347F-90EA-F473E13FBBFF} = {1F2F5D60-F5EC-347F-90EA-F473E13FBBFF}
		{201CABA4-9333-31ED-9D47-A960783A2B95} = {201CABA4-9333-31ED-9D47-A960783A2B95}
		{587685B0-A145-3EB2-A2FB-6DAF79585D74} = {587685B0-A145-3EB2-A2FB-6DAF79585D74}
		{231D7C81-B170-391B-85B6-9A9AE57C3D8D} = {231D7C81-B170-391B-85B6-9A9AE57C3D8D}
		{A4FEEE1D-A3C2-36EE-8FE1-4C00C9893521} = {A4FEEE1D-A3C2-36EE-8FE1-4C00C9893521}
		{51BEB376-6C9A-34C4-9841-C9ED4126E15D} = {51BEB376-6C9A-34C4-9841-C9ED4126E15D}
		{56C3103F-5067-3CB2-A2A8-781C66282FFD} = {56C3103F-5067-3CB2-A2A8-781C66282FFD}
	EndProjectSection
EndProject
Project("{8BC9CEB8-8B4A-11D0-8D11-00A0C91BC942}") = "stl_test", "stl_test.vcxproj", "{F19ED51E-5411-3594-BC21-41866A6619C7}"
	ProjectSection(ProjectDependencies) = postProject
		{1F2F5D60-F5EC-347F-90EA-F473E13FBBFF} = {1F2F5D60-F5EC-347F-90EA-F473E13FBBFF}
		{51BEB376-6C9A-34C4-9841-C9ED4126E15D} = {51BEB376-6C9A-34C4-9841-C9ED4126E15D}
	EndProjectSection
EndProject
Project("{8BC9CEB8-8B4A-11D0-8D11-00A0C91BC942}") = "syscall", "syscall.vcxproj", "{FC658EC2-2B1C-3AB9-A6A0-A665CEC696E6}"
	ProjectSection(ProjectDependencies) = postProject
		{1F2F5D60-F5EC-347F-90EA-F473E13FBBFF} = {1F2F5D60-F5EC-347F-90EA-F473E13FBBFF}
		{201CABA4-9333-31ED-9D47-A960783A2B95} = {201CABA4-9333-31ED-9D47-A960783A2B95}
		{587685B0-A145-3EB2-A2FB-6DAF79585D74} = {587685B0-A145-3EB2-A2FB-6DAF79585D74}
		{51BEB376-6C9A-34C4-9841-C9ED4126E15D} = {51BEB376-6C9A-34C4-9841-C9ED4126E15D}
	EndProjectSection
EndProject
Project("{8BC9CEB8-8B4A-11D0-8D11-00A0C91BC942}") = "tracedump", "tracedump.vcxproj", "{2951659E-1F2A-3B5A-A0F8-F7E75121705E}"
	ProjectSection(ProjectDependencies) = postProject
		{1F2F5D60-F5EC-347F-90EA-F473E13FBBFF} = {1F2F5D60-F5EC-347F-90EA-F473E13FBBFF}
		{51BEB376-6C9A-34C4-9841-C9ED4126E15D} = {51BEB376-6C9A-34C4-9841-C9ED4126E15D}
	EndProjectSection
EndProject
Project("{8BC9CEB8-8B4A-11D0-8D11-00A0C91BC942}") = "wrap", "wrap.vcxproj", "{D69FB57C-8989-32B6-9F66-51BB72D2B2EF}"
	ProjectSection(ProjectDependencies) = postProject
		{1F2F5D60-F5EC-347F-90EA-F473E13FBBFF} = {1F2F5D60-F5EC-347F-90EA-F473E13FBBFF}
		{201CABA4-9333-31ED-9D47-A960783A2B95} = {201CABA4-9333-31ED-9D47-A960783A2B95}
		{587685B0-A145-3EB2-A2FB-6DAF79585D74} = {587685B0-A145-3EB2-A2FB-6DAF79585D74}
		{C627F3E8-DD93-35C9-88F5-7715D13C1E1E} = {C627F3E8-DD93-35C9-88F5-7715D13C1E1E}
		{51BEB376-6C9A-34C4-9841-C9ED4126E15D} = {51BEB376-6C9A-34C4-9841-C9ED4126E15D}
	EndProjectSection
EndProject
Global
	GlobalSection(SolutionConfigurationPlatforms) = preSolution
		Debug|Win32 = Debug|Win32
	EndGlobalSection
	GlobalSection(ProjectConfigurationPlatforms) = postSolution
		{F875C68C-93F5-37AB-9A2F-65B47FA77CF7}.Debug|Win32.ActiveCfg = Debug|Win32
		{F875C68C-93F5-37AB-9A2F-65B47FA77CF7}.Debug|Win32.Build.0 = Debug|Win32
		{9956DD7D-5082-3F69-A795-C82E46DEE1DD}.Debug|Win32.ActiveCfg = Debug|Win32
		{D1AE1B5A-59B5-3DED-A602-9D346079C797}.Debug|Win32.ActiveCfg = Debug|Win32
		{97D56790-ACCF-3A3A-B404-8873E927CB71}.Debug|Win32.ActiveCfg = Debug|Win32
		{1F2F5D60-F5EC-347F-90EA-F473E13FBBFF}.Debug|Win32.ActiveCfg = Debug|Win32
		{1F2F5D60-F5EC-347F-90EA-F473E13FBBFF}.Debug|Win32.Build.0 = Debug|Win32
		{1EDA5F8B-B583-3C6B-B062-392F53E09632}.Debug|Win32.ActiveCfg = Debug|Win32
		{1EDA5F8B-B583-3C6B-B062-392F53E09632}.Debug|Win32.Build.0 = Debug|Win32
		{60B43DA7-963C-3D57-BD5C-7F826B22C119}.Debug|Win32.ActiveCfg = Debug|Win32
		{60B43DA7-963C-3D57-BD5C-7F826B22C119}.Debug|Win32.Build.0 = Debug|Win32
		{05D1FAC8-0E3A-3746-A919-3E685EC3F896}.Debug|Win32.ActiveCfg = Debug|Win32
		{05D1FAC8-0E3A-3746-A919-3E685EC3F896}.Debug|Win32.Build.0 = Debug|Win32
		{8A6FA168-3B59-3C9F-A62B-05737B0AAB21}.Debug|Win32.ActiveCfg = Debug|Win32
		{8A6FA168-3B59-3C9F-A62B-05737B0AAB21}.Debug|Win32.Build.0 = Debug|Win32
		{87F94C34-7EE9-3260-96B1-C21D06B42624}.Debug|Win32.ActiveCfg = Debug|Win32
		{87F94C34-7EE9-3260-96B1-C21D06B42624}.Debug|Win32.Build.0 = Debug|Win32
		{16A643B9-E923-3D86-B410-D944FD44DDDA}.Debug|Win32.ActiveCfg = Debug|Win32
		{16A643B9-E923-3D86-B410-D944FD44DDDA}.Debug|Win32.Build.0 = Debug|Win32
		{2F79587C-44F0-380C-94D0-AF0B59CD6639}.Debug|Win32.ActiveCfg = Debug|Win32
		{2F79587C-44F0-380C-94D0-AF0B59CD6639}.Debug|Win32.Build.0 = Debug|Win32
		{E9E8D4CC-1E71-3DA8-81BF-012BE4968E2F}.Debug|Win32.ActiveCfg = Debug|Win32
		{E9E8D4CC-1E71-3DA8-81BF-012BE4968E2F}.Debug|Win32.Build.0 = Debug|Win32
		{4B2B4653-4DE7-32B1-AFE4-F78E7AC63FCD}.Debug|Win32.ActiveCfg = Debug|Win32
		{4B2B4653-4DE7-32B1-AFE4-F78E7AC63FCD}.Debug|Win32.Build.0 = Debug|Win32
		{DB1CA364-52E2-33F9-B97B-3DE43B63FE0D}.Debug|Win32.ActiveCfg = Debug|Win32
		{DB1CA364-52E2-33F9-B97B-3DE43B63FE0D}.Debug|Win32.Build.0 = Debug|Win32
		{201CABA4-9333-31ED-9D47-A960783A2B95}.Debug|Win32.ActiveCfg = Debug|Win32
		{201CABA4-9333-31ED-9D47-A960783A2B95}.Debug|Win32.Build.0 = Debug|Win32
		{D7326D7B-5157-385A-8AC5-00F240091C48}.Debug|Win32.ActiveCfg = Debug|Win32
		{D7326D7B-5157-385A-8AC5-00F240091C48}.Debug|Win32.Build.0 = Debug|Win32
		{587685B0-A145-3EB2-A2FB-6DAF79585D74}.Debug|Win32.ActiveCfg = Debug|Win32
		{587685B0-A145-3EB2-A2FB-6DAF79585D74}.Debug|Win32.Build.0 = Debug|Win32
		{231D7C81-B170-391B-85B6-9A9AE57C3D8D}.Debug|Win32.ActiveCfg = Debug|Win32
		{231D7C81-B170-391B-85B6-9A9AE57C3D8D}.Debug|Win32.Build.0 = Debug|Win32
		{89AD8787-E120-3954-8292-FE02066AAE41}.Debug|Win32.ActiveCfg = Debug|Win32
		{89AD8787-E120-3954-8292-FE02066AAE41}.Debug|Win32.Build.0 = Debug|Win32
		{8502AE82-123C-334A-A91F-6D5C1F63131F}.Debug|Win32.ActiveCfg = Debug|Win32
		{8502AE82-123C-334A-A91F-6D5C1F63131F}.Debug|Win32.Build.0 = Debug|Win32
		{C627F3E8-DD93-35C9-88F5-7715D13C1E1E}.Debug|Win32.ActiveCfg = Debug|Win32
		{C627F3E8-DD93-35C9-88F5-7715D13C1E1E}.Debug|Win32.Build.0 = Debug|Win32
		{A4FEEE1D-A3C2-36EE-8FE1-4C00C9893521}.Debug|Win32.ActiveCfg = Debug|Win32
		{A4FEEE1D-A3C2-36EE-8FE1-4C00C9893521}.Debug|Win32.Build.0 = Debug|Win32
		{51BEB376-6C9A-34C4-9841-C9ED4126E15D}.Debug|Win32.ActiveCfg = Debug|Win32
		{51BEB376-6C9A-34C4-9841-C9ED4126E15D}.Debug|Win32.Build.0 = Debug|Win32
		{E956CC71-1F8D-3172-B6BB-029EE201DDA0}.Debug|Win32.ActiveCfg = Debug|Win32
		{E956CC71-1F8D-3172-B6BB-029EE201DDA0}.Debug|Win32.Build.0 = Debug|Win32
		{ED3605F3-B26F-32D5-88B6-3A8D8B12060E}.Debug|Win32.ActiveCfg = Debug|Win32
		{ED3605F3-B26F-32D5-88B6-3A8D8B12060E}.Debug|Win32.Build.0 = Debug|Win32
		{F9DF856E-1963-3926-81ED-D732F055C120}.Debug|Win32.ActiveCfg = Debug|Win32
		{F9DF856E-1963-3926-81ED-D732F055C120}.Debug|Win32.Build.0 = Debug|Win32
		{D6C00B3C-8983-37BA-9F41-A761AACE02D7}.Debug|Win32.ActiveCfg = Debug|Win32
		{D6C00B3C-8983-37BA-9F41-A761AACE02D7}.Debug|Win32.Build.0 = Debug|Win32
		{EC2CB43F-6B31-3787-A357-E34944C5688F}.Debug|Win32.ActiveCfg = Debug|Win32
		{EC2CB43F-6B31-3787-A357-E34944C5688F}.Debug|Win32.Build.0 = Debug|Win32
		{F2CFCA13-C575-3E03-A5EE-2FBD5516D12A}.Debug|Win32.ActiveCfg = Debug|Win32
		{F2CFCA13-C575-3E03-A5EE-2FBD5516D12A}.Debug|Win32.Build.0 = Debug|Win32
		{1DB3B753-6D1E-3858-9C43-2F0BC6655A98}.Debug|Win32.ActiveCfg = Debug|Win32
		{1DB3B753-6D1E-3858-9C43-2F0BC6655A98}.Debug|Win32.Build.0 = Debug|Win32
		{D17331C3-329D-3C89-A7B4-0DCE9FE74510}.Debug|Win32.ActiveCfg = Debug|Win32
		{D17331C3-329D-3C89-A7B4-0DCE9FE74510}.Debug|Win32.Build.0 = Debug|Win32
		{8088CB3C-E0C3-33FE-B336-6B763ACCB113}.Debug|Win32.ActiveCfg = Debug|Win32
		{8088CB3C-E0C3-33FE-B336-6B763ACCB113}.Debug|Win32.Build.0 = Debug|Win32
		{EC117B02-3089-3820-966B-345F7EA929C6}.Debug|Win32.ActiveCfg = Debug|Win32
		{EC117B02-3089-3820-966B-345F7EA929C6}.Debug|Win32.Build.0 = Debug|Win32
		{85225D00-8812-39EA-B650-343528843603}.Debug|Win32.ActiveCfg = Debug|Win32
		{85225D00-8812-39EA-B650-343528843603}.Debug|Win32.Build.0 = Debug|Win32
		{C5083FBC-901B-37DD-A10B-CBDABB3F8CE9}.Debug|Win32.ActiveCfg = Debug|Win32
		{C5083FBC-901B-37DD-A10B-CBDABB3F8CE9}.Debug|Win32.Build.0 = Debug|Win32
		{62CD9B27-3156-345C-BBFB-6D68E98D7C55}.Debug|Win32.ActiveCfg = Debug|Win32
		{62CD9B27-3156-345C-BBFB-6D68E98D7C55}.Debug|Win32.Build.0 = Debug|Win32
		{6DAFB2C5-D9C6-373A-AA71-003683D7D8C2}.Debug|Win32.ActiveCfg = Debug|Win32
		{6DAFB2C5-D9C6-373A-AA71-003683D7D8C2}.Debug|Win32.Build.0 = Debug|Win32
		{BA879C50-989E-3563-9B24-3A789A429DDF}.Debug|Win32.ActiveCfg = Debug|Win32
		{BA879C50-989E-3563-9B24-3A789A429DDF}.Debug|Win32.Build.0 = Debug|Win32
		{3565BBD6-2CD1-30B1-AD42-3846D0C3C850}.Debug|Win32.ActiveCfg = Debug|Win32
		{3565BBD6-2CD1-30B1-AD42-3846D0C3C850}.Debug|Win32.Build.0 = Debug|Win32
		{A5362FF8-9C5A-3E76-8C42-48340D165E25}.Debug|Win32.ActiveCfg = Debug|Win32
		{A5362FF8-9C5A-3E76-8C42-48340D165E25}.Debug|Win32.Build.0 = Debug|Win32
		{F7CE91FD-85B8-3EE6-97B1-ECE9E87B2506}.Debug|Win32.ActiveCfg = Debug|Win32
		{F7CE91FD-85B8-3EE6-97B1-ECE9E87B2506}.Debug|Win32.Build.0 = Debug|Win32
		{618E17FF-853E-3BB8-B3E0-0BF7B09BFEFB}.Debug|Win32.ActiveCfg = Debug|Win32
		{618E17FF-853E-3BB8-B3E0-0BF7B09BFEFB}.Debug|Win32.Build.0 = Debug|Win32
		{3C57CD27-9DE6-33D2-82C6-35637A3B1873}.Debug|Win32.ActiveCfg = Debug|Win32
		{3C57CD27-9DE6-33D2-82C6-35637A3B1873}.Debug|Win32.Build.0 = Debug|Win32
		{98C0603A-057F-39D3-987D-4835A5A60EC2}.Debug|Win32.ActiveCfg = Debug|Win32
		{98C0603A-057F-39D3-987D-4835A5A60EC2}.Debug|Win32.Build.0 = Debug|Win32
		{56C3103F-5067-3CB2-A2A8-781C66282FFD}.Debug|Win32.ActiveCfg = Debug|Win32
		{56C3103F-5067-3CB2-A2A8-781C66282FFD}.Debug|Win32.Build.0 = Debug|Win32
		{790FBAD5-71F7-35F1-B365-B55A73656987}.Debug|Win32.ActiveCfg = Debug|Win32
		{790FBAD5-71F7-35F1-B365-B55A73656987}.Debug|Win32.Build.0 = Debug|Win32
		{9EF8BD9D-E7BC-3502-9B64-2F681EA1954A}.Debug|Win32.ActiveCfg = Debug|Win32
		{9EF8BD9D-E7BC-3502-9B64-2F681EA1954A}.Debug|Win32.Build.0 = Debug|Win32
		{0CC3D756-4AC3-3901-8EE1-FCA496FF1B2A}.Debug|Win32.ActiveCfg = Debug|Win32
		{0CC3D756-4AC3-3901-8EE1-FCA496FF1B2A}.Debug|Win32.Build.0 = Debug|Win32
		{33908E1F-01F2-3315-B077-BEF5A2D39FB9}.Debug|Win32.ActiveCfg = Debug|Win32
		{33908E1F-01F2-3315-B077-BEF5A2D39FB9}.Debug|Win32.Build.0 = Debug|Win32
		{415BF5C4-6891-3369-98D8-5A1DB238A969}.Debug|Win32.ActiveCfg = Debug|Win32
		{415BF5C4-6891-3369-98D8-5A1DB238A969}.Debug|Win32.Build.0 = Debug|Win32
		{F19ED51E-5411-3594-BC21-41866A6619C7}.Debug|Win32.ActiveCfg = Debug|Win32
		{F19ED51E-5411-3594-BC21-41866A6619C7}.Debug|Win32.Build.0 = Debug|Win32
		{FC658EC2-2B1C-3AB9-A6A0-A665CEC696E6}.Debug|Win32.ActiveCfg = Debug|Win32
		{FC658EC2-2B1C-3AB9-A6A0-A665CEC696E6}.Debug|Win32.Build.0 = Debug|Win32
		{2951659E-1F2A-3B5A-A0F8-F7E75121705E}.Debug|Win32.ActiveCfg = Debug|Win32
		{2951659E-1F2A-3B5A-A0F8-F7E75121705E}.Debug|Win32.Build.0 = Debug|Win32
		{D69FB57C-8989-32B6-9F66-51BB72D2B2EF}.Debug|Win32.ActiveCfg = Debug|Win32
		{D69FB57C-8989-32B6-9F66-51BB72D2B2EF}.Debug|Win32.Build.0 = Debug|Win32
	EndGlobalSection
	GlobalSection(ExtensibilityGlobals) = postSolution
		SolutionGuid = {8C200A78-EB54-3ADD-8EE2-5EC5C6712D81}
	EndGlobalSection
	GlobalSection(ExtensibilityAddIns) = postSolution
	EndGlobalSection
EndGlobal
